<?xml version="1.0" encoding="utf-8"?>
<Project ToolsVersion="4.0" xmlns="http://schemas.microsoft.com/developer/msbuild/2003">
  <ItemGroup>
    <Filter Include="Source Files">
      <UniqueIdentifier>{4FC737F1-C7A5-4376-A066-2A32D752A2FF}</UniqueIdentifier>
      <Extensions>cpp;c;cc;cxx;def;odl;idl;hpj;bat;asm;asmx</Extensions>
    </Filter>
    <Filter Include="Header Files">
      <UniqueIdentifier>{93995380-89BD-4b04-88EB-625FBE52EBFB}</UniqueIdentifier>
      <Extensions>h;hh;hpp;hxx;hm;inl;inc;xsd</Extensions>
    </Filter>
    <Filter Include="Resource Files">
      <UniqueIdentifier>{67DA6AB6-F800-4c08-8B7A-83BB121AAD01}</UniqueIdentifier>
      <Extensions>rc;ico;cur;bmp;dlg;rc2;rct;bin;rgs;gif;jpg;jpeg;jpe;resx;tiff;tif;png;wav</Extensions>
    </Filter>
  </ItemGroup>
  <ItemGroup>
    <ClCompile Include="lab5\lab5\Lab5.cpp">
      <Filter>Source Files</Filter>
    </ClCompile>
    <ClCompile Include="lab5\unittest\pch.cpp">
      <Filter>Source Files</Filter>
    </ClCompile>
    <ClCompile Include="lab5\unittest\UnitTest.cpp">
      <Filter>Source Files</Filter>
    </ClCompile>
    <ClCompile Include="sharedcode\BasicDisplayVisitor.cpp">
      <Filter>Source Files</Filter>
    </ClCompile>
    <ClCompile Include="sharedcode\CatCommand.cpp">
      <Filter>Source Files</Filter>
    </ClCompile>
    <ClCompile Include="sharedcode\CommandPrompt.cpp">
      <Filter>Source Files</Filter>
    </ClCompile>
    <ClCompile Include="sharedcode\CommandTest.cpp">
      <Filter>Source Files</Filter>
    </ClCompile>
    <ClCompile Include="sharedcode\CopyCommand.cpp">
      <Filter>Source Files</Filter>
    </ClCompile>
    <ClCompile Include="sharedcode\DisplayCommand.cpp">
      <Filter>Source Files</Filter>
    </ClCompile>
    <ClCompile Include="sharedcode\ImageFile.cpp">
      <Filter>Source Files</Filter>
    </ClCompile>
    <ClCompile Include="sharedcode\LSCommand.cpp">
      <Filter>Source Files</Filter>
    </ClCompile>
    <ClCompile Include="sharedcode\MacroCommand.cpp">
      <Filter>Source Files</Filter>
    </ClCompile>
    <ClCompile Include="sharedcode\MetadataDisplayVisitor.cpp">
      <Filter>Source Files</Filter>
    </ClCompile>
    <ClCompile Include="sharedcode\PasswordProxy.cpp">
      <Filter>Source Files</Filter>
    </ClCompile>
    <ClCompile Include="sharedcode\RemoveCommand.cpp">
      <Filter>Source Files</Filter>
    </ClCompile>
    <ClCompile Include="sharedcode\RenameParsingStrategy.cpp">
      <Filter>Source Files</Filter>
    </ClCompile>
    <ClCompile Include="sharedcode\SimpleFileFactory.cpp">
      <Filter>Source Files</Filter>
    </ClCompile>
    <ClCompile Include="sharedcode\SimpleFileSystem.cpp">
      <Filter>Source Files</Filter>
    </ClCompile>
    <ClCompile Include="sharedcode\TextFile.cpp">
      <Filter>Source Files</Filter>
    </ClCompile>
    <ClCompile Include="sharedcode\TouchCommand.cpp">
      <Filter>Source Files</Filter>
    </ClCompile>
    <ClCompile Include="studio16\studio16\Studio16.cpp">
      <Filter>Source Files</Filter>
    </ClCompile>
    <ClCompile Include="studio16\unittest\pch.cpp">
      <Filter>Source Files</Filter>
    </ClCompile>
    <ClCompile Include="studio16\unittest\UnitTest.cpp">
      <Filter>Source Files</Filter>
    </ClCompile>
    <ClCompile Include="studio17\studio17\Studio17.cpp">
      <Filter>Source Files</Filter>
    </ClCompile>
    <ClCompile Include="studio17\unittest\pch.cpp">
      <Filter>Source Files</Filter>
    </ClCompile>
    <ClCompile Include="studio17\unittest\UnitTest.cpp">
      <Filter>Source Files</Filter>
    </ClCompile>
    <ClCompile Include="studio18\studio18\Studio18.cpp">
      <Filter>Source Files</Filter>
    </ClCompile>
    <ClCompile Include="studio18\unittest\pch.cpp">
      <Filter>Source Files</Filter>
    </ClCompile>
    <ClCompile Include="studio18\unittest\UnitTest.cpp">
      <Filter>Source Files</Filter>
    </ClCompile>
    <ClCompile Include="studio19\studio19\Studio19.cpp">
      <Filter>Source Files</Filter>
    </ClCompile>
    <ClCompile Include="studio19\unittest\pch.cpp">
      <Filter>Source Files</Filter>
    </ClCompile>
    <ClCompile Include="studio19\unittest\UnitTest.cpp">
      <Filter>Source Files</Filter>
    </ClCompile>
    <ClCompile Include="studio20\studio20\Studio20.cpp">
      <Filter>Source Files</Filter>
    </ClCompile>
    <ClCompile Include="studio20\unittest\pch.cpp">
      <Filter>Source Files</Filter>
    </ClCompile>
    <ClCompile Include="studio20\unittest\UnitTest.cpp">
      <Filter>Source Files</Filter>
    </ClCompile>
    <ClCompile Include="studio21\studio21\Studio21.cpp">
      <Filter>Source Files</Filter>
    </ClCompile>
    <ClCompile Include="studio21\unittest\pch.cpp">
      <Filter>Source Files</Filter>
    </ClCompile>
    <ClCompile Include="studio21\unittest\UnitTest.cpp">
      <Filter>Source Files</Filter>
    </ClCompile>
  </ItemGroup>
  <ItemGroup>
    <ClInclude Include="lab5\unittest\pch.h">
      <Filter>Header Files</Filter>
    </ClInclude>
    <ClInclude Include="sharedcode\AbstractCommand.h">
      <Filter>Header Files</Filter>
    </ClInclude>
    <ClInclude Include="sharedcode\AbstractFile.h">
      <Filter>Header Files</Filter>
    </ClInclude>
    <ClInclude Include="sharedcode\AbstractFileFactory.h">
      <Filter>Header Files</Filter>
    </ClInclude>
    <ClInclude Include="sharedcode\AbstractFileSystem.h">
      <Filter>Header Files</Filter>
    </ClInclude>
    <ClInclude Include="sharedcode\AbstractFileVisitor.h">
      <Filter>Header Files</Filter>
    </ClInclude>
    <ClInclude Include="sharedcode\AbstractParsingStrategy.h">
      <Filter>Header Files</Filter>
    </ClInclude>
    <ClInclude Include="sharedcode\BasicDisplayVisitor.h">
      <Filter>Header Files</Filter>
    </ClInclude>
    <ClInclude Include="sharedcode\CatCommand.h">
      <Filter>Header Files</Filter>
    </ClInclude>
    <ClInclude Include="sharedcode\CommandPrompt.h">
      <Filter>Header Files</Filter>
    </ClInclude>
    <ClInclude Include="sharedcode\CommandTest.h">
      <Filter>Header Files</Filter>
    </ClInclude>
    <ClInclude Include="sharedcode\CopyCommand.h">
      <Filter>Header Files</Filter>
    </ClInclude>
    <ClInclude Include="sharedcode\DisplayCommand.h">
      <Filter>Header Files</Filter>
    </ClInclude>
    <ClInclude Include="sharedcode\ImageFile.h">
      <Filter>Header Files</Filter>
    </ClInclude>
    <ClInclude Include="sharedcode\LSCommand.h">
      <Filter>Header Files</Filter>
    </ClInclude>
    <ClInclude Include="sharedcode\MacroCommand.h">
      <Filter>Header Files</Filter>
    </ClInclude>
    <ClInclude Include="sharedcode\MetadataDisplayVisitor.h">
      <Filter>Header Files</Filter>
    </ClInclude>
    <ClInclude Include="sharedcode\PasswordProxy.h">
      <Filter>Header Files</Filter>
    </ClInclude>
    <ClInclude Include="sharedcode\RemoveCommand.h">
      <Filter>Header Files</Filter>
    </ClInclude>
    <ClInclude Include="sharedcode\RenameParsingStrategy.h">
      <Filter>Header Files</Filter>
    </ClInclude>
    <ClInclude Include="sharedcode\SimpleFileFactory.h">
      <Filter>Header Files</Filter>
    </ClInclude>
    <ClInclude Include="sharedcode\SimpleFileSystem.h">
      <Filter>Header Files</Filter>
    </ClInclude>
    <ClInclude Include="sharedcode\TextFile.h">
      <Filter>Header Files</Filter>
    </ClInclude>
    <ClInclude Include="sharedcode\TouchCommand.h">
      <Filter>Header Files</Filter>
    </ClInclude>
    <ClInclude Include="studio16\unittest\pch.h">
      <Filter>Header Files</Filter>
    </ClInclude>
    <ClInclude Include="studio17\unittest\pch.h">
      <Filter>Header Files</Filter>
    </ClInclude>
    <ClInclude Include="studio18\unittest\pch.h">
      <Filter>Header Files</Filter>
    </ClInclude>
    <ClInclude Include="studio19\unittest\pch.h">
      <Filter>Header Files</Filter>
    </ClInclude>
    <ClInclude Include="studio20\unittest\pch.h">
      <Filter>Header Files</Filter>
    </ClInclude>
    <ClInclude Include="studio21\unittest\pch.h">
      <Filter>Header Files</Filter>
    </ClInclude>
  </ItemGroup>
</Project>